$ANSIBLE_VAULT;1.1;AES256
63663335653232326632353631386538613135653163613366323036303437633730396163313230
6166626261326562393132633862376433313563623065340a353539313961336663656430643038
36623030396238366330363764386562633730626231653234656365356230373932646233313137
3834303334666532330a643638613638666161333531356534633439306161373133353833613163
35666630653962633836376530653735336537333365616163366664393166626334383566356666
62623536363939653638333765623664386633353666396130666466613138323964623765646339
65373737303439646138383866353430623163653734313563646334353834636361653433623939
38303831343061383632643939613334613033313562393330323232306639633237363231393631
65643032623962636431353434373164326231396430666230356662343335363639306433626137
37313437663630376531383461313263333963363365616637343763373738323762616565383539
66326438346363386530623334343839363562343938623239393566393538306661323639636533
64663863326461336663353261306161396538323037613061323732303665386263303461363238
34616563306231616165666639666366346264373331643535306434653030396362306561616631
30393538376335356363313332336536376264333332333935663465666565666439613636346338
62636636653066663932366631373664333532373163343033666139633363326565613337663932
66313733313935373661316632633230393064346164316430373265636334636432623939363864
33316330373364326434386330366263306633623765396264336431376362386234343463316133
34323462393766656532656333363439333163326237356261316661306136356261363465393365
62396437623663643365376462383461326263363134393537623235616531363333306466636663
32343239393366656532346534366238633731363536343362663238656639393865336638363264
33383066383438643962313561666163303734343262633733366530666631626136366432383064
31393733383362313261623033326236383264336362316464343235383233316238653539386163
39313730343430303463303238633134373962326537656561383663626432356165353130656233
38323261326163396365373663373465633130336262646535666531313661356661373932313165
34346431353363353064626164373837643365363832353237356663616138363032356664346635
34623666323561393039316134333162663834373561386235343531326638636231333761633535
32653236386338303333376138653766356132396330363832323334306638643861663136336133
66336264333165386539366366356661373339313163323139336266333733326463643832306132
37633539346564363566396539343238313738653131333039333434633662633234653237363365
62346339376135386538653865383262313632663232303962356562343732326639373633333230
35353762396132316333653965643961643365653034643966396165626462303338653235313731
33663230653330323637393135323438613537316638316532323363343833626632346130333963
39383633353739346234356635633935306430396262633561313762386566376635383031623363
36346462383636383534383337373235656232663937373162376331643630646365386432623931
35326662616136326538626666306363323563626333393364393261393765666537333533333336
30643965383435643531373364306538663139316364323134633563366438633831363732623432
31343161336635343833633736326638653465633635646466366535643661333266663337363137
30633566333939303032363833346664623063313035366163633237656264393934623564393730
65366432353334343032343762346337613835623164326366396561326562653438633237336463
61663035343461313038326539613937653637343163376164343634343639336433636664306565
39373861633263333064663536353761613035363733393866616465353566386532656636356561
3361626238323332376231643331363736613864346661343461
