$ANSIBLE_VAULT;1.1;AES256
35303065366637343737373864663034636634313836353633303838343934613634333536663536
3738323835323930386338353463303162646236336537320a623839313937386166353464633733
31653566616532316364386639306563336139313836646362356362356530323335656434633363
3364306432653935650a316264306235393936316564366132383236313065323166616238306262
31363130343032373863393237613137656564323433346662653564303236623566393439336138
63376361636233623066326334643839316136356533316437353335386235333736353330356239
38306561383530343039623361643234663666346333663835333335616165393938643938666136
36313133653632303635633962663066623564353761656362303339353364373261336665323030
34636565326530383931393632303738626432656261353738313664363736356130623864346164
33643736633961653866633532386665643339373237333263316365663132303532326232333033
33653730643064653339666535356163396138373935326532366361353131323035393963666433
33613230343936383631356134393065396563393435353864616139653066646234353964313764
34366332353632663431616665313933376436393436376331383665366235393935326363396638
62633363653237643165646133396665323663303230323761626235636532656162326335393634
66376161366636633364383235326163366362353735643265613435383536616134386239613932
31326630383161663337613263303639386430326335336136353963386630316130386638353632
63656261656432663832613137306336346435666463613536653561373861343738663030393633
39396236376566306461646235613936396566636631323239396365653834316238383335663562
30343134643335613638626338366131626133623734306535616130303931653462353732376539
30366339326631306236616633613066316137626665343730623136643132653231383062383161
61383733646631613135356663373761326333636461356431326233626264623031303636393338
31396635393666383636336435623739633739626430396365653466616238383465383961656639
34396432323764326436663264643233366433666630353830346464393766663335313634633162
34643461326332343330376339626530323231373734343765303063643837383433613163643731
64326662343935306561633434303063386137373365393837383136633965656664656433623237
61663565653333343537653132376335386530393135396266626231616466666134326636376239
38393662666133613464313437343534316435643166393866663961333063363230306237393861
33656632356639643032343332623063323434613065343230366165363934393061666463383466
65386530396238363037313234346538393932376164666332303139633935393635616433343836
63396663356532626134346233326265383966343366383739313864366235316262356561343264
37643265623965356139373236313164396636666135353231633336323333356462333866393565
64386130643639313962353165616533663333323737346233343531636165353261353439616164
64656230363465613435383433633264333030346535313136613432663264613638383664333561
39623237343134383235326238306532373131616161386139613130626461353865313165643239
38393732323735306564393338366231313963306638303538303334663266366662383465343331
30343037653537656137396637613764353938323936613332303738623233353635396162386438
39396531646132653634323565346463303064336431356130303965393663656535346561366665
38653935663435323539643731663035373139613861373961653434656265366337646136366433
65626330373839666565356531393035653733396532383036323734393639313534323938613362
32626238623366623135316265323038333561323163646339356132613062663931313561306439
61313639616365613136636339316665316264396534636430353831343830633033326436646539
38363561643532346436333335306262646264653838653835336461623238333062343738363731
31366334633238323630383938376332333630316665356564383961353636383266356433353934
64666262353034366437386230646139323561653465326665643231623237326266633464636636
30663962613438303634663638343962323837613630623366646134386332353263663963303630
32356130353265343762613931663530383137633465316238393736663162363035303661633538
35663763636139323065643738313036353161356235613130323237623565333339646165623332
36633962383031616563636236316166623937613134643764386635323535383133363139363863
61363639323462633434386536646662383731653034323931643431306438396162383466303838
6562623736383266636134353539333863663164306536626161
