$ANSIBLE_VAULT;1.1;AES256
65303664333662313531326335663032386464633237633733343734303363366662313139633861
3632346237376661343437323331343034616166303731660a636138343437383437303232313337
37323635623761343538383461636437613564386335336133343531316434613632346165626265
6235336161346233340a356236353732306239393064623536316332336262653866616134643534
65353331643030376330616239633464663634353065646137396536336361313165653230623933
35396366336633306138313363643063653964646631306630343431643632626432636337376366
39613564663435623133303361323461656231376633653739316635616439303739623432666361
33363461656237316666623963646238623837653533613531623064373134343763303732353362
32663730356438336366613034626535373864636634663664306631643362373166646664373539
61333932626337656665623834643965653162323065653166613266633464393731353766333966
37353133653437376261393337363632613536616433663062653633343864373630363831333035
61326536323161323832643931656233323230396464363639393737336466356432396262373238
39373530353465363765623561633365633332323132336363663364656361663138663861666564
39653263633862373533323732633933393962373465646165313838393962353930373332623038
61336362663132626437656534306137646165396431623935653434366235363336306362323762
39313037316361316237333965646361353763646561316662646362646638653333386634633764
64643363643134356233306161643430636266643138376336623864366562613631373366306639
30613937623135336537366234303635313134323931366161376266353835616137313966316537
38373361346662306637633631623262393636303736313263666166386462313935316135626163
65643431386135636636323337323165643662373938386462396138653537636665393663323135
63306539393639376562366363333738316562383965666138643065653535363462383635393036
30613764643532356631303239633534643539323136333437346237323761393336666631353134
30333234343138646662613362323538666364343131613231643030346236336263356239613563
35646663613565326338353233666434373762383466666131643466636537626666346132653739
34303363656237653462316465396163393961313437373235383930313765303565333635366535
34316639666537663566316639643663636538356262323138303436343234323963653662616337
31326130396233303331396135386264303333663635393265343764613239383830616533373930
33316165646436386563333064383535643266323561386537363730663966383134613132376564
35303061373265663139393839333161656431633836666634393836393464353137653730646437
36303437643866663234356163386564633833646430323133313462303538303039363035326630
35333336623637376433373565376136346337323237303834373164653937313562386462663139
65653131353730396161616461613331646466613535366336393038633335623962656639393336
34613438383764363366353539646631313934643134643933643364653331633437356638653631
37336337643030333135636366373464313839313237623632356630653638653263386266626364
39353831373764333233306130376130323539653739353064666334393330633936386633396162
66386135313065656330646534373166373337343038353165623962666431643231626439613934
35656531656464363933323631626239383533633562633661346330326463636139633538393639
33383338663039646332363262616237656364656237363237303565313139643038303136353134
33633862383437666131346464633934393463393462313966376366653961333634306166303830
38356663366535373034646131323037626163623235326131363236623739663531626235316364
33633064626531666432663964373137666439656230386534316230313831633237623163323565
62346432663561323561626432336637633739363461303061386430363464306135636262303265
65326265323839383937663662303563383933396264653834646538323535326161393238623131
63303963316363643939313961303831613364316263666530313637663535613763613136636334
31353363333330313935656466613831666332623332323966373236363833633533323561333765
37343465306562623235323562333836356466643633376531653436306431656562626662353036
65383566323138303933303665343763366331393661316363316364646436623064646262393832
34346639306434356662343533373433306434303938613362316431313334326634396265663537
62623261353939353566656165613865396161353634653239393066613065336461663039316637
36326564383638353732663965343135613036643032313335653864336266363962303562633263
30626435363933343161383635653834333564363035633132333834656438366630396134653133
30333037356361616363343138623362633663323934326262646165376337626436613163373665
37653134393136373330316630663838303235633030306464626566653831663934343330333462
39343366326334306635666535343035386531643063663066623531393766623230626534336232
30336531666434656565666130346533653430623730343431306535393833326632323438316433
32666161376336323235353332623666653938306465343838396464366439623735393131633566
35343138336663653061316236366461626536373466363366336461396364393862343039373330
32386362363634383338623937626161393130656566316133373338653362616339346463373163
61343435653666633538323631653936633831323135323539656162393162613931393538363964
61356134663232343362396535353465376630363434643661623666346266616630353436663433
38663766326165313466383837383435353264636533366233643735376338393332343039393334
37616334393233363664636339393138366366633439636430646330636337363933623431656465
33643036353836363566346537363039396438373862346262356233663465333239613663623438
61636264383138323739666635313339313630383531366565616365393662653863373732383964
34653638343563623337633363376435663833396439333634656166396232353930313162353163
64653561623663663630353037366236316364333731656630626466623335333338663165313533
65313462323062313364616564343363643930386339666163626639346537306538353066623162
38376133393935313932373265333135313264373264396132656261386635333835653739313035
37663363653839643962326564613532336638393264373665616665666565646536373261613838
61343133346138323337356531613135323161316433303136336334383963353365363562313732
61303065386535346438333264353930383438323637303366303635663764306163356137316430
36303431663436623835616431306235393231333563393938643766303162323834386338626661
32653139323036343035363837633066336139356632303630326263326362336330343238373266
63373134663865386262386564336263616136306334326130313937323936353936343865386436
313935353336363032666232373438623566
